
Microsoft Visual Studio Solution File, Format Version 12.00
# Visual Studio Version 17
VisualStudioVersion = 17.1.32210.238
MinimumVisualStudioVersion = 10.0.40219.1
Project("{FAE04EC0-301F-11D3-BF4B-00C04F79EFBC}") = "ToDo", "ToDo\ToDo.csproj", "{FEF680B1-F4EF-4F5C-BD53-D700B5094A2D}"
EndProject
Global
	GlobalSection(SolutionConfigurationPlatforms) = preSolution
		Debug|Any CPU = Debug|Any CPU
		Release|Any CPU = Release|Any CPU
	EndGlobalSection
	GlobalSection(ProjectConfigurationPlatforms) = postSolution
		{FEF680B1-F4EF-4F5C-BD53-D700B5094A2D}.Debug|Any CPU.ActiveCfg = Debug|Any CPU
		{FEF680B1-F4EF-4F5C-BD53-D700B5094A2D}.Debug|Any CPU.Build.0 = Debug|Any CPU
		{FEF680B1-F4EF-4F5C-BD53-D700B5094A2D}.Release|Any CPU.ActiveCfg = Release|Any CPU
		{FEF680B1-F4EF-4F5C-BD53-D700B5094A2D}.Release|Any CPU.Build.0 = Release|Any CPU
	EndGlobalSection
	GlobalSection(SolutionProperties) = preSolution
		HideSolutionNode = FALSE
	EndGlobalSection
	GlobalSection(ExtensibilityGlobals) = postSolution
		SolutionGuid = {D78A5FF3-2713-41B8-AEC7-891F0408E20E}
	EndGlobalSection
EndGlobal
